Microsoft Visual Studio Solution File, Format Version 12.00
# Visual Studio Version 17
VisualStudioVersion = 17.5.2.0
MinimumVisualStudioVersion = 10.0.40219.1
Project("{FAE04EC0-301F-11D3-BF4B-00C04F79EFBC}") = "FakutoriCustom", "FakutoriCustom.csproj", "{F910D7F8-6FA7-078C-ACEE-41DBD5557377}"
EndProject
Global
	GlobalSection(SolutionConfigurationPlatforms) = preSolution
		Debug|Any CPU = Debug|Any CPU
		Release|Any CPU = Release|Any CPU
	EndGlobalSection
	GlobalSection(ProjectConfigurationPlatforms) = postSolution
		{F910D7F8-6FA7-078C-ACEE-41DBD5557377}.Debug|Any CPU.ActiveCfg = Debug|Any CPU
		{F910D7F8-6FA7-078C-ACEE-41DBD5557377}.Debug|Any CPU.Build.0 = Debug|Any CPU
		{F910D7F8-6FA7-078C-ACEE-41DBD5557377}.Release|Any CPU.ActiveCfg = Release|Any CPU
		{F910D7F8-6FA7-078C-ACEE-41DBD5557377}.Release|Any CPU.Build.0 = Release|Any CPU
	EndGlobalSection
	GlobalSection(SolutionProperties) = preSolution
		HideSolutionNode = FALSE
	EndGlobalSection
	GlobalSection(ExtensibilityGlobals) = postSolution
		SolutionGuid = {B8BB0153-6A43-4530-9CC6-50968DF5603D}
	EndGlobalSection
EndGlobal
